// !$*UTF8*$!
{
	archiveVersion = 1;
	classes = {
	};
	objectVersion = 56;
	objects = {

/* Begin PBXBuildFile section */
		63B0787C2BA05A540008D6FB /* AppDelegate.swift in Sources */ = {isa = PBXBuildFile; fileRef = 63B0787B2BA05A540008D6FB /* AppDelegate.swift */; };
		63B0787E2BA05A540008D6FB /* SceneDelegate.swift in Sources */ = {isa = PBXBuildFile; fileRef = 63B0787D2BA05A540008D6FB /* SceneDelegate.swift */; };
		63B078802BA05A540008D6FB /* ViewController.swift in Sources */ = {isa = PBXBuildFile; fileRef = 63B0787F2BA05A540008D6FB /* ViewController.swift */; };
		63B078832BA05A540008D6FB /* Base in Resources */ = {isa = PBXBuildFile; fileRef = 63B078822BA05A540008D6FB /* Base */; };
		63B078852BA05A560008D6FB /* Assets.xcassets in Resources */ = {isa = PBXBuildFile; fileRef = 63B078842BA05A560008D6FB /* Assets.xcassets */; };
		63B078882BA05A560008D6FB /* Base in Resources */ = {isa = PBXBuildFile; fileRef = 63B078872BA05A560008D6FB /* Base */; };
		63B078932BA05A560008D6FB /* seguesTests.swift in Sources */ = {isa = PBXBuildFile; fileRef = 63B078922BA05A560008D6FB /* seguesTests.swift */; };
		63B0789D2BA05A560008D6FB /* seguesUITests.swift in Sources */ = {isa = PBXBuildFile; fileRef = 63B0789C2BA05A560008D6FB /* seguesUITests.swift */; };
		63B0789F2BA05A560008D6FB /* seguesUITestsLaunchTests.swift in Sources */ = {isa = PBXBuildFile; fileRef = 63B0789E2BA05A560008D6FB /* seguesUITestsLaunchTests.swift */; };
		63B078AC2BA0679C0008D6FB /* ResultViewController.swift in Sources */ = {isa = PBXBuildFile; fileRef = 63B078AB2BA0679C0008D6FB /* ResultViewController.swift */; };
/* End PBXBuildFile section */

/* Begin PBXContainerItemProxy section */
		63B0788F2BA05A560008D6FB /* PBXContainerItemProxy */ = {
			isa = PBXContainerItemProxy;
			containerPortal = 63B078702BA05A540008D6FB /* Project object */;
			proxyType = 1;
			remoteGlobalIDString = 63B078772BA05A540008D6FB;
			remoteInfo = segues;
		};
		63B078992BA05A560008D6FB /* PBXContainerItemProxy */ = {
			isa = PBXContainerItemProxy;
			containerPortal = 63B078702BA05A540008D6FB /* Project object */;
			proxyType = 1;
			remoteGlobalIDString = 63B078772BA05A540008D6FB;
			remoteInfo = segues;
		};
/* End PBXContainerItemProxy section */

/* Begin PBXFileReference section */
		63B078782BA05A540008D6FB /* segues.app */ = {isa = PBXFileReference; explicitFileType = wrapper.application; includeInIndex = 0; path = segues.app; sourceTree = BUILT_PRODUCTS_DIR; };
		63B0787B2BA05A540008D6FB /* AppDelegate.swift */ = {isa = PBXFileReference; lastKnownFileType = sourcecode.swift; path = AppDelegate.swift; sourceTree = "<group>"; };
		63B0787D2BA05A540008D6FB /* SceneDelegate.swift */ = {isa = PBXFileReference; lastKnownFileType = sourcecode.swift; path = SceneDelegate.swift; sourceTree = "<group>"; };
		63B0787F2BA05A540008D6FB /* ViewController.swift */ = {isa = PBXFileReference; lastKnownFileType = sourcecode.swift; path = ViewController.swift; sourceTree = "<group>"; };
		63B078822BA05A540008D6FB /* Base */ = {isa = PBXFileReference; lastKnownFileType = file.storyboard; name = Base; path = Base.lproj/Main.storyboard; sourceTree = "<group>"; };
		63B078842BA05A560008D6FB /* Assets.xcassets */ = {isa = PBXFileReference; lastKnownFileType = folder.assetcatalog; path = Assets.xcassets; sourceTree = "<group>"; };
		63B078872BA05A560008D6FB /* Base */ = {isa = PBXFileReference; lastKnownFileType = file.storyboard; name = Base; path = Base.lproj/LaunchScreen.storyboard; sourceTree = "<group>"; };
		63B078892BA05A560008D6FB /* Info.plist */ = {isa = PBXFileReference; lastKnownFileType = text.plist.xml; path = Info.plist; sourceTree = "<group>"; };
		63B0788E2BA05A560008D6FB /* seguesTests.xctest */ = {isa = PBXFileReference; explicitFileType = wrapper.cfbundle; includeInIndex = 0; path = seguesTests.xctest; sourceTree = BUILT_PRODUCTS_DIR; };
		63B078922BA05A560008D6FB /* seguesTests.swift */ = {isa = PBXFileReference; lastKnownFileType = sourcecode.swift; path = seguesTests.swift; sourceTree = "<group>"; };
		63B078982BA05A560008D6FB /* seguesUITests.xctest */ = {isa = PBXFileReference; explicitFileType = wrapper.cfbundle; includeInIndex = 0; path = seguesUITests.xctest; sourceTree = BUILT_PRODUCTS_DIR; };
		63B0789C2BA05A560008D6FB /* seguesUITests.swift */ = {isa = PBXFileReference; lastKnownFileType = sourcecode.swift; path = seguesUITests.swift; sourceTree = "<group>"; };
		63B0789E2BA05A560008D6FB /* seguesUITestsLaunchTests.swift */ = {isa = PBXFileReference; lastKnownFileType = sourcecode.swift; path = seguesUITestsLaunchTests.swift; sourceTree = "<group>"; };
		63B078AB2BA0679C0008D6FB /* ResultViewController.swift */ = {isa = PBXFileReference; lastKnownFileType = sourcecode.swift; path = ResultViewController.swift; sourceTree = "<group>"; };
/* End PBXFileReference section */

/* Begin PBXFrameworksBuildPhase section */
		63B078752BA05A540008D6FB /* Frameworks */ = {
			isa = PBXFrameworksBuildPhase;
			buildActionMask = 2147483647;
			files = (
			);
			runOnlyForDeploymentPostprocessing = 0;
		};
		63B0788B2BA05A560008D6FB /* Frameworks */ = {
			isa = PBXFrameworksBuildPhase;
			buildActionMask = 2147483647;
			files = (
			);
			runOnlyForDeploymentPostprocessing = 0;
		};
		63B078952BA05A560008D6FB /* Frameworks */ = {
			isa = PBXFrameworksBuildPhase;
			buildActionMask = 2147483647;
			files = (
			);
			runOnlyForDeploymentPostprocessing = 0;
		};
/* End PBXFrameworksBuildPhase section */

/* Begin PBXGroup section */
		63B0786F2BA05A540008D6FB = {
			isa = PBXGroup;
			children = (
				63B0787A2BA05A540008D6FB /* segues */,
				63B078912BA05A560008D6FB /* seguesTests */,
				63B0789B2BA05A560008D6FB /* seguesUITests */,
				63B078792BA05A540008D6FB /* Products */,
			);
			sourceTree = "<group>";
		};
		63B078792BA05A540008D6FB /* Products */ = {
			isa = PBXGroup;
			children = (
				63B078782BA05A540008D6FB /* segues.app */,
				63B0788E2BA05A560008D6FB /* seguesTests.xctest */,
				63B078982BA05A560008D6FB /* seguesUITests.xctest */,
			);
			name = Products;
			sourceTree = "<group>";
		};
		63B0787A2BA05A540008D6FB /* segues */ = {
			isa = PBXGroup;
			children = (
				63B0787B2BA05A540008D6FB /* AppDelegate.swift */,
				63B0787D2BA05A540008D6FB /* SceneDelegate.swift */,
				63B0787F2BA05A540008D6FB /* ViewController.swift */,
				63B078812BA05A540008D6FB /* Main.storyboard */,
				63B078842BA05A560008D6FB /* Assets.xcassets */,
				63B078862BA05A560008D6FB /* LaunchScreen.storyboard */,
				63B078892BA05A560008D6FB /* Info.plist */,
				63B078AB2BA0679C0008D6FB /* ResultViewController.swift */,
			);
			path = segues;
			sourceTree = "<group>";
		};
		63B078912BA05A560008D6FB /* seguesTests */ = {
			isa = PBXGroup;
			children = (
				63B078922BA05A560008D6FB /* seguesTests.swift */,
			);
			path = seguesTests;
			sourceTree = "<group>";
		};
		63B0789B2BA05A560008D6FB /* seguesUITests */ = {
			isa = PBXGroup;
			children = (
				63B0789C2BA05A560008D6FB /* seguesUITests.swift */,
				63B0789E2BA05A560008D6FB /* seguesUITestsLaunchTests.swift */,
			);
			path = seguesUITests;
			sourceTree = "<group>";
		};
/* End PBXGroup section */

/* Begin PBXNativeTarget section */
		63B078772BA05A540008D6FB /* segues */ = {
			isa = PBXNativeTarget;
			buildConfigurationList = 63B078A22BA05A560008D6FB /* Build configuration list for PBXNativeTarget "segues" */;
			buildPhases = (
				63B078742BA05A540008D6FB /* Sources */,
				63B078752BA05A540008D6FB /* Frameworks */,
				63B078762BA05A540008D6FB /* Resources */,
			);
			buildRules = (
			);
			dependencies = (
			);
			name = segues;
			productName = segues;
			productReference = 63B078782BA05A540008D6FB /* segues.app */;
			productType = "com.apple.product-type.application";
		};
		63B0788D2BA05A560008D6FB /* seguesTests */ = {
			isa = PBXNativeTarget;
			buildConfigurationList = 63B078A52BA05A560008D6FB /* Build configuration list for PBXNativeTarget "seguesTests" */;
			buildPhases = (
				63B0788A2BA05A560008D6FB /* Sources */,
				63B0788B2BA05A560008D6FB /* Frameworks */,
				63B0788C2BA05A560008D6FB /* Resources */,
			);
			buildRules = (
			);
			dependencies = (
				63B078902BA05A560008D6FB /* PBXTargetDependency */,
			);
			name = seguesTests;
			productName = seguesTests;
			productReference = 63B0788E2BA05A560008D6FB /* seguesTests.xctest */;
			productType = "com.apple.product-type.bundle.unit-test";
		};
		63B078972BA05A560008D6FB /* seguesUITests */ = {
			isa = PBXNativeTarget;
			buildConfigurationList = 63B078A82BA05A560008D6FB /* Build configuration list for PBXNativeTarget "seguesUITests" */;
			buildPhases = (
				63B078942BA05A560008D6FB /* Sources */,
				63B078952BA05A560008D6FB /* Frameworks */,
				63B078962BA05A560008D6FB /* Resources */,
			);
			buildRules = (
			);
			dependencies = (
				63B0789A2BA05A560008D6FB /* PBXTargetDependency */,
			);
			name = seguesUITests;
			productName = seguesUITests;
			productReference = 63B078982BA05A560008D6FB /* seguesUITests.xctest */;
			productType = "com.apple.product-type.bundle.ui-testing";
		};
/* End PBXNativeTarget section */

/* Begin PBXProject section */
		63B078702BA05A540008D6FB /* Project object */ = {
			isa = PBXProject;
			attributes = {
				BuildIndependentTargetsInParallel = 1;
				LastSwiftUpdateCheck = 1530;
				LastUpgradeCheck = 1530;
				TargetAttributes = {
					63B078772BA05A540008D6FB = {
						CreatedOnToolsVersion = 15.3;
					};
					63B0788D2BA05A560008D6FB = {
						CreatedOnToolsVersion = 15.3;
						TestTargetID = 63B078772BA05A540008D6FB;
					};
					63B078972BA05A560008D6FB = {
						CreatedOnToolsVersion = 15.3;
						TestTargetID = 63B078772BA05A540008D6FB;
					};
				};
			};
			buildConfigurationList = 63B078732BA05A540008D6FB /* Build configuration list for PBXProject "segues" */;
			compatibilityVersion = "Xcode 14.0";
			developmentRegion = en;
			hasScannedForEncodings = 0;
			knownRegions = (
				en,
				Base,
			);
			mainGroup = 63B0786F2BA05A540008D6FB;
			productRefGroup = 63B078792BA05A540008D6FB /* Products */;
			projectDirPath = "";
			projectRoot = "";
			targets = (
				63B078772BA05A540008D6FB /* segues */,
				63B0788D2BA05A560008D6FB /* seguesTests */,
				63B078972BA05A560008D6FB /* seguesUITests */,
			);
		};
/* End PBXProject section */

/* Begin PBXResourcesBuildPhase section */
		63B078762BA05A540008D6FB /* Resources */ = {
			isa = PBXResourcesBuildPhase;
			buildActionMask = 2147483647;
			files = (
				63B078852BA05A560008D6FB /* Assets.xcassets in Resources */,
				63B078882BA05A560008D6FB /* Base in Resources */,
				63B078832BA05A540008D6FB /* Base in Resources */,
			);
			runOnlyForDeploymentPostprocessing = 0;
		};
		63B0788C2BA05A560008D6FB /* Resources */ = {
			isa = PBXResourcesBuildPhase;
			buildActionMask = 2147483647;
			files = (
			);
			runOnlyForDeploymentPostprocessing = 0;
		};
		63B078962BA05A560008D6FB /* Resources */ = {
			isa = PBXResourcesBuildPhase;
			buildActionMask = 2147483647;
			files = (
			);
			runOnlyForDeploymentPostprocessing = 0;
		};
/* End PBXResourcesBuildPhase section */

/* Begin PBXSourcesBuildPhase section */
		63B078742BA05A540008D6FB /* Sources */ = {
			isa = PBXSourcesBuildPhase;
			buildActionMask = 2147483647;
			files = (
				63B078802BA05A540008D6FB /* ViewController.swift in Sources */,
				63B0787C2BA05A540008D6FB /* AppDelegate.swift in Sources */,
				63B0787E2BA05A540008D6FB /* SceneDelegate.swift in Sources */,
				63B078AC2BA0679C0008D6FB /* ResultViewController.swift in Sources */,
			);
			runOnlyForDeploymentPostprocessing = 0;
		};
		63B0788A2BA05A560008D6FB /* Sources */ = {
			isa = PBXSourcesBuildPhase;
			buildActionMask = 2147483647;
			files = (
				63B078932BA05A560008D6FB /* seguesTests.swift in Sources */,
			);
			runOnlyForDeploymentPostprocessing = 0;
		};
		63B078942BA05A560008D6FB /* Sources */ = {
			isa = PBXSourcesBuildPhase;
			buildActionMask = 2147483647;
			files = (
				63B0789F2BA05A560008D6FB /* seguesUITestsLaunchTests.swift in Sources */,
				63B0789D2BA05A560008D6FB /* seguesUITests.swift in Sources */,
			);
			runOnlyForDeploymentPostprocessing = 0;
		};
/* End PBXSourcesBuildPhase section */

/* Begin PBXTargetDependency section */
		63B078902BA05A560008D6FB /* PBXTargetDependency */ = {
			isa = PBXTargetDependency;
			target = 63B078772BA05A540008D6FB /* segues */;
			targetProxy = 63B0788F2BA05A560008D6FB /* PBXContainerItemProxy */;
		};
		63B0789A2BA05A560008D6FB /* PBXTargetDependency */ = {
			isa = PBXTargetDependency;
			target = 63B078772BA05A540008D6FB /* segues */;
			targetProxy = 63B078992BA05A560008D6FB /* PBXContainerItemProxy */;
		};
/* End PBXTargetDependency section */

/* Begin PBXVariantGroup section */
		63B078812BA05A540008D6FB /* Main.storyboard */ = {
			isa = PBXVariantGroup;
			children = (
				63B078822BA05A540008D6FB /* Base */,
			);
			name = Main.storyboard;
			sourceTree = "<group>";
		};
		63B078862BA05A560008D6FB /* LaunchScreen.storyboard */ = {
			isa = PBXVariantGroup;
			children = (
				63B078872BA05A560008D6FB /* Base */,
			);
			name = LaunchScreen.storyboard;
			sourceTree = "<group>";
		};
/* End PBXVariantGroup section */

/* Begin XCBuildConfiguration section */
		63B078A02BA05A560008D6FB /* Debug */ = {
			isa = XCBuildConfiguration;
			buildSettings = {
				ALWAYS_SEARCH_USER_PATHS = NO;
				ASSETCATALOG_COMPILER_GENERATE_SWIFT_ASSET_SYMBOL_EXTENSIONS = YES;
				CLANG_ANALYZER_NONNULL = YES;
				CLANG_ANALYZER_NUMBER_OBJECT_CONVERSION = YES_AGGRESSIVE;
				CLANG_CXX_LANGUAGE_STANDARD = "gnu++20";
				CLANG_ENABLE_MODULES = YES;
				CLANG_ENABLE_OBJC_ARC = YES;
				CLANG_ENABLE_OBJC_WEAK = YES;
				CLANG_WARN_BLOCK_CAPTURE_AUTORELEASING = YES;
				CLANG_WARN_BOOL_CONVERSION = YES;
				CLANG_WARN_COMMA = YES;
				CLANG_WARN_CONSTANT_CONVERSION = YES;
				CLANG_WARN_DEPRECATED_OBJC_IMPLEMENTATIONS = YES;
				CLANG_WARN_DIRECT_OBJC_ISA_USAGE = YES_ERROR;
				CLANG_WARN_DOCUMENTATION_COMMENTS = YES;
				CLANG_WARN_EMPTY_BODY = YES;
				CLANG_WARN_ENUM_CONVERSION = YES;
				CLANG_WARN_INFINITE_RECURSION = YES;
				CLANG_WARN_INT_CONVERSION = YES;
				CLANG_WARN_NON_LITERAL_NULL_CONVERSION = YES;
				CLANG_WARN_OBJC_IMPLICIT_RETAIN_SELF = YES;
				CLANG_WARN_OBJC_LITERAL_CONVERSION = YES;
				CLANG_WARN_OBJC_ROOT_CLASS = YES_ERROR;
				CLANG_WARN_QUOTED_INCLUDE_IN_FRAMEWORK_HEADER = YES;
				CLANG_WARN_RANGE_LOOP_ANALYSIS = YES;
				CLANG_WARN_STRICT_PROTOTYPES = YES;
				CLANG_WARN_SUSPICIOUS_MOVE = YES;
				CLANG_WARN_UNGUARDED_AVAILABILITY = YES_AGGRESSIVE;
				CLANG_WARN_UNREACHABLE_CODE = YES;
				CLANG_WARN__DUPLICATE_METHOD_MATCH = YES;
				COPY_PHASE_STRIP = NO;
				DEBUG_INFORMATION_FORMAT = dwarf;
				ENABLE_STRICT_OBJC_MSGSEND = YES;
				ENABLE_TESTABILITY = YES;
				ENABLE_USER_SCRIPT_SANDBOXING = YES;
				GCC_C_LANGUAGE_STANDARD = gnu17;
				GCC_DYNAMIC_NO_PIC = NO;
				GCC_NO_COMMON_BLOCKS = YES;
				GCC_OPTIMIZATION_LEVEL = 0;
				GCC_PREPROCESSOR_DEFINITIONS = (
					"DEBUG=1",
					"$(inherited)",
				);
				GCC_WARN_64_TO_32_BIT_CONVERSION = YES;
				GCC_WARN_ABOUT_RETURN_TYPE = YES_ERROR;
				GCC_WARN_UNDECLARED_SELECTOR = YES;
				GCC_WARN_UNINITIALIZED_AUTOS = YES_AGGRESSIVE;
				GCC_WARN_UNUSED_FUNCTION = YES;
				GCC_WARN_UNUSED_VARIABLE = YES;
				IPHONEOS_DEPLOYMENT_TARGET = 17.4;
				LOCALIZATION_PREFERS_STRING_CATALOGS = YES;
				MTL_ENABLE_DEBUG_INFO = INCLUDE_SOURCE;
				MTL_FAST_MATH = YES;
				ONLY_ACTIVE_ARCH = YES;
				SDKROOT = iphoneos;
				SWIFT_ACTIVE_COMPILATION_CONDITIONS = "DEBUG $(inherited)";
				SWIFT_OPTIMIZATION_LEVEL = "-Onone";
			};
			name = Debug;
		};
		63B078A12BA05A560008D6FB /* Release */ = {
			isa = XCBuildConfiguration;
			buildSettings = {
				ALWAYS_SEARCH_USER_PATHS = NO;
				ASSETCATALOG_COMPILER_GENERATE_SWIFT_ASSET_SYMBOL_EXTENSIONS = YES;
				CLANG_ANALYZER_NONNULL = YES;
				CLANG_ANALYZER_NUMBER_OBJECT_CONVERSION = YES_AGGRESSIVE;
				CLANG_CXX_LANGUAGE_STANDARD = "gnu++20";
				CLANG_ENABLE_MODULES = YES;
				CLANG_ENABLE_OBJC_ARC = YES;
				CLANG_ENABLE_OBJC_WEAK = YES;
				CLANG_WARN_BLOCK_CAPTURE_AUTORELEASING = YES;
				CLANG_WARN_BOOL_CONVERSION = YES;
				CLANG_WARN_COMMA = YES;
				CLANG_WARN_CONSTANT_CONVERSION = YES;
				CLANG_WARN_DEPRECATED_OBJC_IMPLEMENTATIONS = YES;
				CLANG_WARN_DIRECT_OBJC_ISA_USAGE = YES_ERROR;
				CLANG_WARN_DOCUMENTATION_COMMENTS = YES;
				CLANG_WARN_EMPTY_BODY = YES;
				CLANG_WARN_ENUM_CONVERSION = YES;
				CLANG_WARN_INFINITE_RECURSION = YES;
				CLANG_WARN_INT_CONVERSION = YES;
				CLANG_WARN_NON_LITERAL_NULL_CONVERSION = YES;
				CLANG_WARN_OBJC_IMPLICIT_RETAIN_SELF = YES;
				CLANG_WARN_OBJC_LITERAL_CONVERSION = YES;
				CLANG_WARN_OBJC_ROOT_CLASS = YES_ERROR;
				CLANG_WARN_QUOTED_INCLUDE_IN_FRAMEWORK_HEADER = YES;
				CLANG_WARN_RANGE_LOOP_ANALYSIS = YES;
				CLANG_WARN_STRICT_PROTOTYPES = YES;
				CLANG_WARN_SUSPICIOUS_MOVE = YES;
				CLANG_WARN_UNGUARDED_AVAILABILITY = YES_AGGRESSIVE;
				CLANG_WARN_UNREACHABLE_CODE = YES;
				CLANG_WARN__DUPLICATE_METHOD_MATCH = YES;
				COPY_PHASE_STRIP = NO;
				DEBUG_INFORMATION_FORMAT = "dwarf-with-dsym";
				ENABLE_NS_ASSERTIONS = NO;
				ENABLE_STRICT_OBJC_MSGSEND = YES;
				ENABLE_USER_SCRIPT_SANDBOXING = YES;
				GCC_C_LANGUAGE_STANDARD = gnu17;
				GCC_NO_COMMON_BLOCKS = YES;
				GCC_WARN_64_TO_32_BIT_CONVERSION = YES;
				GCC_WARN_ABOUT_RETURN_TYPE = YES_ERROR;
				GCC_WARN_UNDECLARED_SELECTOR = YES;
				GCC_WARN_UNINITIALIZED_AUTOS = YES_AGGRESSIVE;
				GCC_WARN_UNUSED_FUNCTION = YES;
				GCC_WARN_UNUSED_VARIABLE = YES;
				IPHONEOS_DEPLOYMENT_TARGET = 17.4;
				LOCALIZATION_PREFERS_STRING_CATALOGS = YES;
				MTL_ENABLE_DEBUG_INFO = NO;
				MTL_FAST_MATH = YES;
				SDKROOT = iphoneos;
				SWIFT_COMPILATION_MODE = wholemodule;
				VALIDATE_PRODUCT = YES;
			};
			name = Release;
		};
		63B078A32BA05A560008D6FB /* Debug */ = {
			isa = XCBuildConfiguration;
			buildSettings = {
				ASSETCATALOG_COMPILER_APPICON_NAME = AppIcon;
				ASSETCATALOG_COMPILER_GLOBAL_ACCENT_COLOR_NAME = AccentColor;
				CODE_SIGN_STYLE = Automatic;
				CURRENT_PROJECT_VERSION = 1;
				DEVELOPMENT_TEAM = GYVUGUT77Q;
				GENERATE_INFOPLIST_FILE = YES;
				INFOPLIST_FILE = segues/Info.plist;
				INFOPLIST_KEY_UIApplicationSupportsIndirectInputEvents = YES;
				INFOPLIST_KEY_UILaunchStoryboardName = LaunchScreen;
				INFOPLIST_KEY_UIMainStoryboardFile = Main;
				INFOPLIST_KEY_UISupportedInterfaceOrientations_iPad = "UIInterfaceOrientationPortrait UIInterfaceOrientationPortraitUpsideDown UIInterfaceOrientationLandscapeLeft UIInterfaceOrientationLandscapeRight";
				INFOPLIST_KEY_UISupportedInterfaceOrientations_iPhone = "UIInterfaceOrientationPortrait UIInterfaceOrientationLandscapeLeft UIInterfaceOrientationLandscapeRight";
				LD_RUNPATH_SEARCH_PATHS = (
					"$(inherited)",
					"@executable_path/Frameworks",
				);
				MARKETING_VERSION = 1.0;
				PRODUCT_BUNDLE_IDENTIFIER = com.example.segues;
				PRODUCT_NAME = "$(TARGET_NAME)";
				SWIFT_EMIT_LOC_STRINGS = YES;
				SWIFT_VERSION = 5.0;
				TARGETED_DEVICE_FAMILY = "1,2";
			};
			name = Debug;
		};
		63B078A42BA05A560008D6FB /* Release */ = {
			isa = XCBuildConfiguration;
			buildSettings = {
				ASSETCATALOG_COMPILER_APPICON_NAME = AppIcon;
				ASSETCATALOG_COMPILER_GLOBAL_ACCENT_COLOR_NAME = AccentColor;
				CODE_SIGN_STYLE = Automatic;
				CURRENT_PROJECT_VERSION = 1;
				DEVELOPMENT_TEAM = GYVUGUT77Q;
				GENERATE_INFOPLIST_FILE = YES;
				INFOPLIST_FILE = segues/Info.plist;
				INFOPLIST_KEY_UIApplicationSupportsIndirectInputEvents = YES;
				INFOPLIST_KEY_UILaunchStoryboardName = LaunchScreen;
				INFOPLIST_KEY_UIMainStoryboardFile = Main;
				INFOPLIST_KEY_UISupportedInterfaceOrientations_iPad = "UIInterfaceOrientationPortrait UIInterfaceOrientationPortraitUpsideDown UIInterfaceOrientationLandscapeLeft UIInterfaceOrientationLandscapeRight";
				INFOPLIST_KEY_UISupportedInterfaceOrientations_iPhone = "UIInterfaceOrientationPortrait UIInterfaceOrientationLandscapeLeft UIInterfaceOrientationLandscapeRight";
				LD_RUNPATH_SEARCH_PATHS = (
					"$(inherited)",
					"@executable_path/Frameworks",
				);
				MARKETING_VERSION = 1.0;
				PRODUCT_BUNDLE_IDENTIFIER = com.example.segues;
				PRODUCT_NAME = "$(TARGET_NAME)";
				SWIFT_EMIT_LOC_STRINGS = YES;
				SWIFT_VERSION = 5.0;
				TARGETED_DEVICE_FAMILY = "1,2";
			};
			name = Release;
		};
		63B078A62BA05A560008D6FB /* Debug */ = {
			isa = XCBuildConfiguration;
			buildSettings = {
				ALWAYS_EMBED_SWIFT_STANDARD_LIBRARIES = YES;
				BUNDLE_LOADER = "$(TEST_HOST)";
				CODE_SIGN_STYLE = Automatic;
				CURRENT_PROJECT_VERSION = 1;
				DEVELOPMENT_TEAM = GYVUGUT77Q;
				GENERATE_INFOPLIST_FILE = YES;
				IPHONEOS_DEPLOYMENT_TARGET = 17.4;
				MARKETING_VERSION = 1.0;
				PRODUCT_BUNDLE_IDENTIFIER = com.example.seguesTests;
				PRODUCT_NAME = "$(TARGET_NAME)";
				SWIFT_EMIT_LOC_STRINGS = NO;
				SWIFT_VERSION = 5.0;
				TARGETED_DEVICE_FAMILY = "1,2";
				TEST_HOST = "$(BUILT_PRODUCTS_DIR)/segues.app/$(BUNDLE_EXECUTABLE_FOLDER_PATH)/segues";
			};
			name = Debug;
		};
		63B078A72BA05A560008D6FB /* Release */ = {
			isa = XCBuildConfiguration;
			buildSettings = {
				ALWAYS_EMBED_SWIFT_STANDARD_LIBRARIES = YES;
				BUNDLE_LOADER = "$(TEST_HOST)";
				CODE_SIGN_STYLE = Automatic;
				CURRENT_PROJECT_VERSION = 1;
				DEVELOPMENT_TEAM = GYVUGUT77Q;
				GENERATE_INFOPLIST_FILE = YES;
				IPHONEOS_DEPLOYMENT_TARGET = 17.4;
				MARKETING_VERSION = 1.0;
				PRODUCT_BUNDLE_IDENTIFIER = com.example.seguesTests;
				PRODUCT_NAME = "$(TARGET_NAME)";
				SWIFT_EMIT_LOC_STRINGS = NO;
				SWIFT_VERSION = 5.0;
				TARGETED_DEVICE_FAMILY = "1,2";
				TEST_HOST = "$(BUILT_PRODUCTS_DIR)/segues.app/$(BUNDLE_EXECUTABLE_FOLDER_PATH)/segues";
			};
			name = Release;
		};
		63B078A92BA05A560008D6FB /* Debug */ = {
			isa = XCBuildConfiguration;
			buildSettings = {
				ALWAYS_EMBED_SWIFT_STANDARD_LIBRARIES = YES;
				CODE_SIGN_STYLE = Automatic;
				CURRENT_PROJECT_VERSION = 1;
				DEVELOPMENT_TEAM = GYVUGUT77Q;
				GENERATE_INFOPLIST_FILE = YES;
				MARKETING_VERSION = 1.0;
				PRODUCT_BUNDLE_IDENTIFIER = com.example.seguesUITests;
				PRODUCT_NAME = "$(TARGET_NAME)";
				SWIFT_EMIT_LOC_STRINGS = NO;
				SWIFT_VERSION = 5.0;
				TARGETED_DEVICE_FAMILY = "1,2";
				TEST_TARGET_NAME = segues;
			};
			name = Debug;
		};
		63B078AA2BA05A560008D6FB /* Release */ = {
			isa = XCBuildConfiguration;
			buildSettings = {
				ALWAYS_EMBED_SWIFT_STANDARD_LIBRARIES = YES;
				CODE_SIGN_STYLE = Automatic;
				CURRENT_PROJECT_VERSION = 1;
				DEVELOPMENT_TEAM = GYVUGUT77Q;
				GENERATE_INFOPLIST_FILE = YES;
				MARKETING_VERSION = 1.0;
				PRODUCT_BUNDLE_IDENTIFIER = com.example.seguesUITests;
				PRODUCT_NAME = "$(TARGET_NAME)";
				SWIFT_EMIT_LOC_STRINGS = NO;
				SWIFT_VERSION = 5.0;
				TARGETED_DEVICE_FAMILY = "1,2";
				TEST_TARGET_NAME = segues;
			};
			name = Release;
		};
/* End XCBuildConfiguration section */

/* Begin XCConfigurationList section */
		63B078732BA05A540008D6FB /* Build configuration list for PBXProject "segues" */ = {
			isa = XCConfigurationList;
			buildConfigurations = (
				63B078A02BA05A560008D6FB /* Debug */,
				63B078A12BA05A560008D6FB /* Release */,
			);
			defaultConfigurationIsVisible = 0;
			defaultConfigurationName = Release;
		};
		63B078A22BA05A560008D6FB /* Build configuration list for PBXNativeTarget "segues" */ = {
			isa = XCConfigurationList;
			buildConfigurations = (
				63B078A32BA05A560008D6FB /* Debug */,
				63B078A42BA05A560008D6FB /* Release */,
			);
			defaultConfigurationIsVisible = 0;
			defaultConfigurationName = Release;
		};
		63B078A52BA05A560008D6FB /* Build configuration list for PBXNativeTarget "seguesTests" */ = {
			isa = XCConfigurationList;
			buildConfigurations = (
				63B078A62BA05A560008D6FB /* Debug */,
				63B078A72BA05A560008D6FB /* Release */,
			);
			defaultConfigurationIsVisible = 0;
			defaultConfigurationName = Release;
		};
		63B078A82BA05A560008D6FB /* Build configuration list for PBXNativeTarget "seguesUITests" */ = {
			isa = XCConfigurationList;
			buildConfigurations = (
				63B078A92BA05A560008D6FB /* Debug */,
				63B078AA2BA05A560008D6FB /* Release */,
			);
			defaultConfigurationIsVisible = 0;
			defaultConfigurationName = Release;
		};
/* End XCConfigurationList section */
	};
	rootObject = 63B078702BA05A540008D6FB /* Project object */;
}
